
Microsoft Visual Studio Solution File, Format Version 12.00
# Visual Studio Version 17
VisualStudioVersion = 17.9.34723.18
MinimumVisualStudioVersion = 10.0.40219.1
Project("{FAE04EC0-301F-11D3-BF4B-00C04F79EFBC}") = "Basics", "Basics\Basics.csproj", "{81EE16D5-E365-414E-9660-E3877E4C63EC}"
EndProject
Project("{FAE04EC0-301F-11D3-BF4B-00C04F79EFBC}") = "FuncProcs", "FuncProcs\FuncProcs.csproj", "{3F9757FC-5918-40FD-8341-DB6B8A67C5F0}"
EndProject
Global
	GlobalSection(SolutionConfigurationPlatforms) = preSolution
		Debug|Any CPU = Debug|Any CPU
		Release|Any CPU = Release|Any CPU
	EndGlobalSection
	GlobalSection(ProjectConfigurationPlatforms) = postSolution
		{81EE16D5-E365-414E-9660-E3877E4C63EC}.Debug|Any CPU.ActiveCfg = Debug|Any CPU
		{81EE16D5-E365-414E-9660-E3877E4C63EC}.Debug|Any CPU.Build.0 = Debug|Any CPU
		{81EE16D5-E365-414E-9660-E3877E4C63EC}.Release|Any CPU.ActiveCfg = Release|Any CPU
		{81EE16D5-E365-414E-9660-E3877E4C63EC}.Release|Any CPU.Build.0 = Release|Any CPU
		{3F9757FC-5918-40FD-8341-DB6B8A67C5F0}.Debug|Any CPU.ActiveCfg = Debug|Any CPU
		{3F9757FC-5918-40FD-8341-DB6B8A67C5F0}.Debug|Any CPU.Build.0 = Debug|Any CPU
		{3F9757FC-5918-40FD-8341-DB6B8A67C5F0}.Release|Any CPU.ActiveCfg = Release|Any CPU
		{3F9757FC-5918-40FD-8341-DB6B8A67C5F0}.Release|Any CPU.Build.0 = Release|Any CPU
	EndGlobalSection
	GlobalSection(SolutionProperties) = preSolution
		HideSolutionNode = FALSE
	EndGlobalSection
	GlobalSection(ExtensibilityGlobals) = postSolution
		SolutionGuid = {7F5B4121-072A-46D7-AB1E-86FAC9727F03}
	EndGlobalSection
EndGlobal
