
Microsoft Visual Studio Solution File, Format Version 12.00
# Visual Studio Version 17
VisualStudioVersion = 17.9.34723.18
MinimumVisualStudioVersion = 10.0.40219.1
Project("{FAE04EC0-301F-11D3-BF4B-00C04F79EFBC}") = "MeerLampen", "MeerLampen\MeerLampen.csproj", "{F8203907-3772-449D-9214-F36129A88A5F}"
EndProject
Global
	GlobalSection(SolutionConfigurationPlatforms) = preSolution
		Debug|Any CPU = Debug|Any CPU
		Release|Any CPU = Release|Any CPU
	EndGlobalSection
	GlobalSection(ProjectConfigurationPlatforms) = postSolution
		{F8203907-3772-449D-9214-F36129A88A5F}.Debug|Any CPU.ActiveCfg = Debug|Any CPU
		{F8203907-3772-449D-9214-F36129A88A5F}.Debug|Any CPU.Build.0 = Debug|Any CPU
		{F8203907-3772-449D-9214-F36129A88A5F}.Release|Any CPU.ActiveCfg = Release|Any CPU
		{F8203907-3772-449D-9214-F36129A88A5F}.Release|Any CPU.Build.0 = Release|Any CPU
	EndGlobalSection
	GlobalSection(SolutionProperties) = preSolution
		HideSolutionNode = FALSE
	EndGlobalSection
	GlobalSection(ExtensibilityGlobals) = postSolution
		SolutionGuid = {1E3BB6E4-8140-45DD-A265-7E3336FD9D4F}
	EndGlobalSection
EndGlobal
